
Microsoft Visual Studio Solution File, Format Version 12.00
# Visual Studio Version 16
VisualStudioVersion = 16.0.32602.291
MinimumVisualStudioVersion = 10.0.40219.1
Project("{FAE04EC0-301F-11D3-BF4B-00C04F79EFBC}") = "z", "z\z.csproj", "{72A26925-50EF-4EC2-9ADA-771691063B0A}"
EndProject
Global
	GlobalSection(SolutionConfigurationPlatforms) = preSolution
		Debug|Any CPU = Debug|Any CPU
		Release|Any CPU = Release|Any CPU
	EndGlobalSection
	GlobalSection(ProjectConfigurationPlatforms) = postSolution
		{72A26925-50EF-4EC2-9ADA-771691063B0A}.Debug|Any CPU.ActiveCfg = Debug|Any CPU
		{72A26925-50EF-4EC2-9ADA-771691063B0A}.Debug|Any CPU.Build.0 = Debug|Any CPU
		{72A26925-50EF-4EC2-9ADA-771691063B0A}.Release|Any CPU.ActiveCfg = Release|Any CPU
		{72A26925-50EF-4EC2-9ADA-771691063B0A}.Release|Any CPU.Build.0 = Release|Any CPU
	EndGlobalSection
	GlobalSection(SolutionProperties) = preSolution
		HideSolutionNode = FALSE
	EndGlobalSection
	GlobalSection(ExtensibilityGlobals) = postSolution
		SolutionGuid = {11AFD2FA-1693-4114-A058-CD5CA3A65316}
	EndGlobalSection
EndGlobal
